
Microsoft Visual Studio Solution File, Format Version 12.00
# Visual Studio Version 17
VisualStudioVersion = 17.7.34221.43
MinimumVisualStudioVersion = 10.0.40219.1
Project("{FAE04EC0-301F-11D3-BF4B-00C04F79EFBC}") = "AppIlhabela", "AppIlhabela\AppIlhabela.csproj", "{6B209BAB-1121-421F-B6FD-395329589CBC}"
EndProject
Global
	GlobalSection(SolutionConfigurationPlatforms) = preSolution
		Debug|Any CPU = Debug|Any CPU
		Release|Any CPU = Release|Any CPU
	EndGlobalSection
	GlobalSection(ProjectConfigurationPlatforms) = postSolution
		{6B209BAB-1121-421F-B6FD-395329589CBC}.Debug|Any CPU.ActiveCfg = Debug|Any CPU
		{6B209BAB-1121-421F-B6FD-395329589CBC}.Debug|Any CPU.Build.0 = Debug|Any CPU
		{6B209BAB-1121-421F-B6FD-395329589CBC}.Release|Any CPU.ActiveCfg = Release|Any CPU
		{6B209BAB-1121-421F-B6FD-395329589CBC}.Release|Any CPU.Build.0 = Release|Any CPU
	EndGlobalSection
	GlobalSection(SolutionProperties) = preSolution
		HideSolutionNode = FALSE
	EndGlobalSection
	GlobalSection(ExtensibilityGlobals) = postSolution
		SolutionGuid = {FB1E77CA-85C5-4345-BD5D-094D42AF8431}
	EndGlobalSection
EndGlobal
